
Microsoft Visual Studio Solution File, Format Version 12.00
# Visual Studio Version 17
VisualStudioVersion = 17.1.32210.238
MinimumVisualStudioVersion = 10.0.40219.1
Project("{FAE04EC0-301F-11D3-BF4B-00C04F79EFBC}") = "UC13", "UC13.csproj", "{4EA728EB-BF18-48B2-84A9-5FD89D1F0631}"
EndProject
Global
	GlobalSection(SolutionConfigurationPlatforms) = preSolution
		Debug|Any CPU = Debug|Any CPU
		Release|Any CPU = Release|Any CPU
	EndGlobalSection
	GlobalSection(ProjectConfigurationPlatforms) = postSolution
		{4EA728EB-BF18-48B2-84A9-5FD89D1F0631}.Debug|Any CPU.ActiveCfg = Debug|Any CPU
		{4EA728EB-BF18-48B2-84A9-5FD89D1F0631}.Debug|Any CPU.Build.0 = Debug|Any CPU
		{4EA728EB-BF18-48B2-84A9-5FD89D1F0631}.Release|Any CPU.ActiveCfg = Release|Any CPU
		{4EA728EB-BF18-48B2-84A9-5FD89D1F0631}.Release|Any CPU.Build.0 = Release|Any CPU
	EndGlobalSection
	GlobalSection(SolutionProperties) = preSolution
		HideSolutionNode = FALSE
	EndGlobalSection
	GlobalSection(ExtensibilityGlobals) = postSolution
		SolutionGuid = {ED1F81E8-0063-4EEA-A55F-F9BD1751A1B3}
	EndGlobalSection
EndGlobal
